# This file is automatically @generated by Cargo.
# It is not intended for manual editing.
version = 4

[[package]]
name = "codyssi-2025"
version = "0.1.0"
dependencies = [
 "tuple-map",
]

[[package]]
name = "tuple-map"
version = "0.4.0"
source = "registry+https://github.com/rust-lang/crates.io-index"
checksum = "23d5919d7121237af683b7fa982450597b1eaa2643e597aec3b519e4e5ab3d62"
